{
  "name": "@craftkit/craft-widget-stickyheadernavi",
  "version": "2.0.1",
  "lockfileVersion": 1,
  "requires": true,
  "dependencies": {
    "@craftkit/craft-uikit": {
      "version": "2.0.0",
      "resolved": "https://registry.npmjs.org/@craftkit/craft-uikit/-/craft-uikit-2.0.0.tgz",
      "integrity": "sha512-AJhj5+gfIG3fweZkZUKQ9cN57N2coYOCR1YTloGS+O3IjniDa+ExpkEV6NBGjbFptFeFqytXMh+DRP0K6YLs6A=="
    }
  }
}
